
Microsoft Visual Studio Solution File, Format Version 12.00
# Visual Studio Version 16
VisualStudioVersion = 16.0.29326.143
MinimumVisualStudioVersion = 10.0.40219.1
Project("{FAE04EC0-301F-11D3-BF4B-00C04F79EFBC}") = "TrashCollectorProgram", "TrashCollectorProgram\TrashCollectorProgram.csproj", "{39F2FA03-0B3E-4A20-9256-4379460FD2CC}"
EndProject
Global
	GlobalSection(SolutionConfigurationPlatforms) = preSolution
		Debug|Any CPU = Debug|Any CPU
		Release|Any CPU = Release|Any CPU
	EndGlobalSection
	GlobalSection(ProjectConfigurationPlatforms) = postSolution
		{39F2FA03-0B3E-4A20-9256-4379460FD2CC}.Debug|Any CPU.ActiveCfg = Debug|Any CPU
		{39F2FA03-0B3E-4A20-9256-4379460FD2CC}.Debug|Any CPU.Build.0 = Debug|Any CPU
		{39F2FA03-0B3E-4A20-9256-4379460FD2CC}.Release|Any CPU.ActiveCfg = Release|Any CPU
		{39F2FA03-0B3E-4A20-9256-4379460FD2CC}.Release|Any CPU.Build.0 = Release|Any CPU
	EndGlobalSection
	GlobalSection(SolutionProperties) = preSolution
		HideSolutionNode = FALSE
	EndGlobalSection
	GlobalSection(ExtensibilityGlobals) = postSolution
		SolutionGuid = {C1E015CD-7B48-4D4E-A9F1-75ED936A4AB2}
	EndGlobalSection
EndGlobal
